
Microsoft Visual Studio Solution File, Format Version 12.00
# Visual Studio Version 16
VisualStudioVersion = 16.0.29215.179
MinimumVisualStudioVersion = 10.0.40219.1
Project("{FAE04EC0-301F-11D3-BF4B-00C04F79EFBC}") = "GridMap", "GridMap\GridMap.csproj", "{4FF82ED6-EF9F-413D-8B2C-DD3E6E67D134}"
EndProject
Global
	GlobalSection(SolutionConfigurationPlatforms) = preSolution
		Debug|Any CPU = Debug|Any CPU
		Release|Any CPU = Release|Any CPU
	EndGlobalSection
	GlobalSection(ProjectConfigurationPlatforms) = postSolution
		{4FF82ED6-EF9F-413D-8B2C-DD3E6E67D134}.Debug|Any CPU.ActiveCfg = Debug|Any CPU
		{4FF82ED6-EF9F-413D-8B2C-DD3E6E67D134}.Debug|Any CPU.Build.0 = Debug|Any CPU
		{4FF82ED6-EF9F-413D-8B2C-DD3E6E67D134}.Release|Any CPU.ActiveCfg = Release|Any CPU
		{4FF82ED6-EF9F-413D-8B2C-DD3E6E67D134}.Release|Any CPU.Build.0 = Release|Any CPU
	EndGlobalSection
	GlobalSection(SolutionProperties) = preSolution
		HideSolutionNode = FALSE
	EndGlobalSection
	GlobalSection(ExtensibilityGlobals) = postSolution
		SolutionGuid = {A590E0CF-1A6C-484B-BC1A-DEA1CF8D8394}
	EndGlobalSection
EndGlobal
